
Microsoft Visual Studio Solution File, Format Version 12.00
# Visual Studio 15
VisualStudioVersion = 15.0.27004.2008
MinimumVisualStudioVersion = 10.0.40219.1
Project("{FAE04EC0-301F-11D3-BF4B-00C04F79EFBC}") = "DockerSample", "DockerSample\DockerSample.csproj", "{66A99595-D288-4E93-A0A9-9E2CEE3E77CC}"
EndProject
Project("{E53339B2-1760-4266-BCC7-CA923CBCF16C}") = "docker-compose", "docker-compose.dcproj", "{82CCBC60-3B09-4FB7-82D8-48EA3992E840}"
EndProject
Global
	GlobalSection(SolutionConfigurationPlatforms) = preSolution
		Debug|Any CPU = Debug|Any CPU
		Release|Any CPU = Release|Any CPU
	EndGlobalSection
	GlobalSection(ProjectConfigurationPlatforms) = postSolution
		{66A99595-D288-4E93-A0A9-9E2CEE3E77CC}.Debug|Any CPU.ActiveCfg = Debug|Any CPU
		{66A99595-D288-4E93-A0A9-9E2CEE3E77CC}.Debug|Any CPU.Build.0 = Debug|Any CPU
		{66A99595-D288-4E93-A0A9-9E2CEE3E77CC}.Release|Any CPU.ActiveCfg = Release|Any CPU
		{66A99595-D288-4E93-A0A9-9E2CEE3E77CC}.Release|Any CPU.Build.0 = Release|Any CPU
		{82CCBC60-3B09-4FB7-82D8-48EA3992E840}.Debug|Any CPU.ActiveCfg = Debug|Any CPU
		{82CCBC60-3B09-4FB7-82D8-48EA3992E840}.Debug|Any CPU.Build.0 = Debug|Any CPU
		{82CCBC60-3B09-4FB7-82D8-48EA3992E840}.Release|Any CPU.ActiveCfg = Release|Any CPU
		{82CCBC60-3B09-4FB7-82D8-48EA3992E840}.Release|Any CPU.Build.0 = Release|Any CPU
	EndGlobalSection
	GlobalSection(SolutionProperties) = preSolution
		HideSolutionNode = FALSE
	EndGlobalSection
	GlobalSection(ExtensibilityGlobals) = postSolution
		SolutionGuid = {1A1AEDFD-9ADD-4E14-8CA1-F621FDD3DA67}
	EndGlobalSection
EndGlobal
